
Microsoft Visual Studio Solution File, Format Version 12.00
# Visual Studio Version 16
VisualStudioVersion = 16.0.31005.135
MinimumVisualStudioVersion = 10.0.40219.1
Project("{FAE04EC0-301F-11D3-BF4B-00C04F79EFBC}") = "CalculatorTest", "CalculatorTest\CalculatorTest.csproj", "{27530814-EF9D-40A3-A95C-4D5AE0C3E12B}"
EndProject
Project("{FAE04EC0-301F-11D3-BF4B-00C04F79EFBC}") = "CalculatorApi", "CalculatorApi\CalculatorApi.csproj", "{9FC35C26-B2E7-48F4-B891-68E8D8BE77E5}"
EndProject
Project("{FAE04EC0-301F-11D3-BF4B-00C04F79EFBC}") = "CalculatorTests", "CalculatorTests\CalculatorTests.csproj", "{CFBEE167-7224-430D-ACB5-FC9307CD873C}"
EndProject
Project("{FAE04EC0-301F-11D3-BF4B-00C04F79EFBC}") = "CalculatorWeb", "CalculatorWeb\CalculatorWeb.csproj", "{01F0B530-05B1-4040-AA34-E13983B77A23}"
EndProject
Global
	GlobalSection(SolutionConfigurationPlatforms) = preSolution
		Debug|Any CPU = Debug|Any CPU
		Release|Any CPU = Release|Any CPU
	EndGlobalSection
	GlobalSection(ProjectConfigurationPlatforms) = postSolution
		{27530814-EF9D-40A3-A95C-4D5AE0C3E12B}.Debug|Any CPU.ActiveCfg = Debug|Any CPU
		{27530814-EF9D-40A3-A95C-4D5AE0C3E12B}.Debug|Any CPU.Build.0 = Debug|Any CPU
		{27530814-EF9D-40A3-A95C-4D5AE0C3E12B}.Release|Any CPU.ActiveCfg = Release|Any CPU
		{27530814-EF9D-40A3-A95C-4D5AE0C3E12B}.Release|Any CPU.Build.0 = Release|Any CPU
		{9FC35C26-B2E7-48F4-B891-68E8D8BE77E5}.Debug|Any CPU.ActiveCfg = Debug|Any CPU
		{9FC35C26-B2E7-48F4-B891-68E8D8BE77E5}.Debug|Any CPU.Build.0 = Debug|Any CPU
		{9FC35C26-B2E7-48F4-B891-68E8D8BE77E5}.Release|Any CPU.ActiveCfg = Release|Any CPU
		{9FC35C26-B2E7-48F4-B891-68E8D8BE77E5}.Release|Any CPU.Build.0 = Release|Any CPU
		{CFBEE167-7224-430D-ACB5-FC9307CD873C}.Debug|Any CPU.ActiveCfg = Debug|Any CPU
		{CFBEE167-7224-430D-ACB5-FC9307CD873C}.Debug|Any CPU.Build.0 = Debug|Any CPU
		{CFBEE167-7224-430D-ACB5-FC9307CD873C}.Release|Any CPU.ActiveCfg = Release|Any CPU
		{CFBEE167-7224-430D-ACB5-FC9307CD873C}.Release|Any CPU.Build.0 = Release|Any CPU
		{01F0B530-05B1-4040-AA34-E13983B77A23}.Debug|Any CPU.ActiveCfg = Debug|Any CPU
		{01F0B530-05B1-4040-AA34-E13983B77A23}.Debug|Any CPU.Build.0 = Debug|Any CPU
		{01F0B530-05B1-4040-AA34-E13983B77A23}.Release|Any CPU.ActiveCfg = Release|Any CPU
		{01F0B530-05B1-4040-AA34-E13983B77A23}.Release|Any CPU.Build.0 = Release|Any CPU
	EndGlobalSection
	GlobalSection(SolutionProperties) = preSolution
		HideSolutionNode = FALSE
	EndGlobalSection
	GlobalSection(ExtensibilityGlobals) = postSolution
		SolutionGuid = {1D6DCD59-C562-47C9-89C3-5747FD56DC87}
	EndGlobalSection
EndGlobal
